// !$*UTF8*$!
{
	archiveVersion = 1;
	classes = {
	};
	objectVersion = 50;
	objects = {

/* Begin PBXBuildFile section */
		1373A80B207B439E00971249 /* AppDelegate.swift in Sources */ = {isa = PBXBuildFile; fileRef = 1373A80A207B439E00971249 /* AppDelegate.swift */; };
		1373A810207B439E00971249 /* Main.storyboard in Resources */ = {isa = PBXBuildFile; fileRef = 1373A80E207B439E00971249 /* Main.storyboard */; };
		1373A812207B439F00971249 /* Assets.xcassets in Resources */ = {isa = PBXBuildFile; fileRef = 1373A811207B439F00971249 /* Assets.xcassets */; };
		1373A815207B439F00971249 /* LaunchScreen.storyboard in Resources */ = {isa = PBXBuildFile; fileRef = 1373A813207B439F00971249 /* LaunchScreen.storyboard */; };
		1373A81D207B43C200971249 /* MainTabBarViewController.swift in Sources */ = {isa = PBXBuildFile; fileRef = 1373A81C207B43C200971249 /* MainTabBarViewController.swift */; };
		1373A823207B45D900971249 /* HomeViewController.swift in Sources */ = {isa = PBXBuildFile; fileRef = 1373A822207B45D900971249 /* HomeViewController.swift */; };
		1373A825207B45E400971249 /* HomeViewController.storyboard in Resources */ = {isa = PBXBuildFile; fileRef = 1373A824207B45E400971249 /* HomeViewController.storyboard */; };
		1373A827207B460200971249 /* NextViewController.swift in Sources */ = {isa = PBXBuildFile; fileRef = 1373A826207B460200971249 /* NextViewController.swift */; };
		1373A829207B460900971249 /* NextViewController.storyboard in Resources */ = {isa = PBXBuildFile; fileRef = 1373A828207B460900971249 /* NextViewController.storyboard */; };
/* End PBXBuildFile section */

/* Begin PBXFileReference section */
		1373A807207B439E00971249 /* blog删除TabbarController.app */ = {isa = PBXFileReference; explicitFileType = wrapper.application; includeInIndex = 0; path = "blog删除TabbarController.app"; sourceTree = BUILT_PRODUCTS_DIR; };
		1373A80A207B439E00971249 /* AppDelegate.swift */ = {isa = PBXFileReference; lastKnownFileType = sourcecode.swift; path = AppDelegate.swift; sourceTree = "<group>"; };
		1373A80F207B439E00971249 /* Base */ = {isa = PBXFileReference; lastKnownFileType = file.storyboard; name = Base; path = Base.lproj/Main.storyboard; sourceTree = "<group>"; };
		1373A811207B439F00971249 /* Assets.xcassets */ = {isa = PBXFileReference; lastKnownFileType = folder.assetcatalog; path = Assets.xcassets; sourceTree = "<group>"; };
		1373A814207B439F00971249 /* Base */ = {isa = PBXFileReference; lastKnownFileType = file.storyboard; name = Base; path = Base.lproj/LaunchScreen.storyboard; sourceTree = "<group>"; };
		1373A816207B439F00971249 /* Info.plist */ = {isa = PBXFileReference; lastKnownFileType = text.plist.xml; path = Info.plist; sourceTree = "<group>"; };
		1373A81C207B43C200971249 /* MainTabBarViewController.swift */ = {isa = PBXFileReference; lastKnownFileType = sourcecode.swift; path = MainTabBarViewController.swift; sourceTree = "<group>"; };
		1373A822207B45D900971249 /* HomeViewController.swift */ = {isa = PBXFileReference; lastKnownFileType = sourcecode.swift; path = HomeViewController.swift; sourceTree = "<group>"; };
		1373A824207B45E400971249 /* HomeViewController.storyboard */ = {isa = PBXFileReference; lastKnownFileType = file.storyboard; path = HomeViewController.storyboard; sourceTree = "<group>"; };
		1373A826207B460200971249 /* NextViewController.swift */ = {isa = PBXFileReference; lastKnownFileType = sourcecode.swift; path = NextViewController.swift; sourceTree = "<group>"; };
		1373A828207B460900971249 /* NextViewController.storyboard */ = {isa = PBXFileReference; lastKnownFileType = file.storyboard; path = NextViewController.storyboard; sourceTree = "<group>"; };
/* End PBXFileReference section */

/* Begin PBXFrameworksBuildPhase section */
		1373A804207B439E00971249 /* Frameworks */ = {
			isa = PBXFrameworksBuildPhase;
			buildActionMask = 2147483647;
			files = (
			);
			runOnlyForDeploymentPostprocessing = 0;
		};
/* End PBXFrameworksBuildPhase section */

/* Begin PBXGroup section */
		1373A7FE207B439E00971249 = {
			isa = PBXGroup;
			children = (
				1373A809207B439E00971249 /* blog删除TabbarController */,
				1373A808207B439E00971249 /* Products */,
			);
			sourceTree = "<group>";
		};
		1373A808207B439E00971249 /* Products */ = {
			isa = PBXGroup;
			children = (
				1373A807207B439E00971249 /* blog删除TabbarController.app */,
			);
			name = Products;
			sourceTree = "<group>";
		};
		1373A809207B439E00971249 /* blog删除TabbarController */ = {
			isa = PBXGroup;
			children = (
				1373A80A207B439E00971249 /* AppDelegate.swift */,
				1373A81C207B43C200971249 /* MainTabBarViewController.swift */,
				1373A80E207B439E00971249 /* Main.storyboard */,
				1373A822207B45D900971249 /* HomeViewController.swift */,
				1373A824207B45E400971249 /* HomeViewController.storyboard */,
				1373A826207B460200971249 /* NextViewController.swift */,
				1373A828207B460900971249 /* NextViewController.storyboard */,
				1373A811207B439F00971249 /* Assets.xcassets */,
				1373A813207B439F00971249 /* LaunchScreen.storyboard */,
				1373A816207B439F00971249 /* Info.plist */,
			);
			path = "blog删除TabbarController";
			sourceTree = "<group>";
		};
/* End PBXGroup section */

/* Begin PBXNativeTarget section */
		1373A806207B439E00971249 /* blog删除TabbarController */ = {
			isa = PBXNativeTarget;
			buildConfigurationList = 1373A819207B439F00971249 /* Build configuration list for PBXNativeTarget "blog删除TabbarController" */;
			buildPhases = (
				1373A803207B439E00971249 /* Sources */,
				1373A804207B439E00971249 /* Frameworks */,
				1373A805207B439E00971249 /* Resources */,
			);
			buildRules = (
			);
			dependencies = (
			);
			name = "blog删除TabbarController";
			productName = "blog删除TabbarController";
			productReference = 1373A807207B439E00971249 /* blog删除TabbarController.app */;
			productType = "com.apple.product-type.application";
		};
/* End PBXNativeTarget section */

/* Begin PBXProject section */
		1373A7FF207B439E00971249 /* Project object */ = {
			isa = PBXProject;
			attributes = {
				LastSwiftUpdateCheck = 0930;
				LastUpgradeCheck = 0930;
				ORGANIZATIONNAME = BR_buren1111;
				TargetAttributes = {
					1373A806207B439E00971249 = {
						CreatedOnToolsVersion = 9.3;
					};
				};
			};
			buildConfigurationList = 1373A802207B439E00971249 /* Build configuration list for PBXProject "blog删除TabbarController" */;
			compatibilityVersion = "Xcode 9.3";
			developmentRegion = en;
			hasScannedForEncodings = 0;
			knownRegions = (
				en,
				Base,
			);
			mainGroup = 1373A7FE207B439E00971249;
			productRefGroup = 1373A808207B439E00971249 /* Products */;
			projectDirPath = "";
			projectRoot = "";
			targets = (
				1373A806207B439E00971249 /* blog删除TabbarController */,
			);
		};
/* End PBXProject section */

/* Begin PBXResourcesBuildPhase section */
		1373A805207B439E00971249 /* Resources */ = {
			isa = PBXResourcesBuildPhase;
			buildActionMask = 2147483647;
			files = (
				1373A825207B45E400971249 /* HomeViewController.storyboard in Resources */,
				1373A815207B439F00971249 /* LaunchScreen.storyboard in Resources */,
				1373A829207B460900971249 /* NextViewController.storyboard in Resources */,
				1373A812207B439F00971249 /* Assets.xcassets in Resources */,
				1373A810207B439E00971249 /* Main.storyboard in Resources */,
			);
			runOnlyForDeploymentPostprocessing = 0;
		};
/* End PBXResourcesBuildPhase section */

/* Begin PBXSourcesBuildPhase section */
		1373A803207B439E00971249 /* Sources */ = {
			isa = PBXSourcesBuildPhase;
			buildActionMask = 2147483647;
			files = (
				1373A80B207B439E00971249 /* AppDelegate.swift in Sources */,
				1373A827207B460200971249 /* NextViewController.swift in Sources */,
				1373A81D207B43C200971249 /* MainTabBarViewController.swift in Sources */,
				1373A823207B45D900971249 /* HomeViewController.swift in Sources */,
			);
			runOnlyForDeploymentPostprocessing = 0;
		};
/* End PBXSourcesBuildPhase section */

/* Begin PBXVariantGroup section */
		1373A80E207B439E00971249 /* Main.storyboard */ = {
			isa = PBXVariantGroup;
			children = (
				1373A80F207B439E00971249 /* Base */,
			);
			name = Main.storyboard;
			sourceTree = "<group>";
		};
		1373A813207B439F00971249 /* LaunchScreen.storyboard */ = {
			isa = PBXVariantGroup;
			children = (
				1373A814207B439F00971249 /* Base */,
			);
			name = LaunchScreen.storyboard;
			sourceTree = "<group>";
		};
/* End PBXVariantGroup section */

/* Begin XCBuildConfiguration section */
		1373A817207B439F00971249 /* Debug */ = {
			isa = XCBuildConfiguration;
			buildSettings = {
				ALWAYS_SEARCH_USER_PATHS = NO;
				CLANG_ANALYZER_NONNULL = YES;
				CLANG_ANALYZER_NUMBER_OBJECT_CONVERSION = YES_AGGRESSIVE;
				CLANG_CXX_LANGUAGE_STANDARD = "gnu++14";
				CLANG_CXX_LIBRARY = "libc++";
				CLANG_ENABLE_MODULES = YES;
				CLANG_ENABLE_OBJC_ARC = YES;
				CLANG_ENABLE_OBJC_WEAK = YES;
				CLANG_WARN_BLOCK_CAPTURE_AUTORELEASING = YES;
				CLANG_WARN_BOOL_CONVERSION = YES;
				CLANG_WARN_COMMA = YES;
				CLANG_WARN_CONSTANT_CONVERSION = YES;
				CLANG_WARN_DEPRECATED_OBJC_IMPLEMENTATIONS = YES;
				CLANG_WARN_DIRECT_OBJC_ISA_USAGE = YES_ERROR;
				CLANG_WARN_DOCUMENTATION_COMMENTS = YES;
				CLANG_WARN_EMPTY_BODY = YES;
				CLANG_WARN_ENUM_CONVERSION = YES;
				CLANG_WARN_INFINITE_RECURSION = YES;
				CLANG_WARN_INT_CONVERSION = YES;
				CLANG_WARN_NON_LITERAL_NULL_CONVERSION = YES;
				CLANG_WARN_OBJC_IMPLICIT_RETAIN_SELF = YES;
				CLANG_WARN_OBJC_LITERAL_CONVERSION = YES;
				CLANG_WARN_OBJC_ROOT_CLASS = YES_ERROR;
				CLANG_WARN_RANGE_LOOP_ANALYSIS = YES;
				CLANG_WARN_STRICT_PROTOTYPES = YES;
				CLANG_WARN_SUSPICIOUS_MOVE = YES;
				CLANG_WARN_UNGUARDED_AVAILABILITY = YES_AGGRESSIVE;
				CLANG_WARN_UNREACHABLE_CODE = YES;
				CLANG_WARN__DUPLICATE_METHOD_MATCH = YES;
				CODE_SIGN_IDENTITY = "iPhone Developer";
				COPY_PHASE_STRIP = NO;
				DEBUG_INFORMATION_FORMAT = dwarf;
				ENABLE_STRICT_OBJC_MSGSEND = YES;
				ENABLE_TESTABILITY = YES;
				GCC_C_LANGUAGE_STANDARD = gnu11;
				GCC_DYNAMIC_NO_PIC = NO;
				GCC_NO_COMMON_BLOCKS = YES;
				GCC_OPTIMIZATION_LEVEL = 0;
				GCC_PREPROCESSOR_DEFINITIONS = (
					"DEBUG=1",
					"$(inherited)",
				);
				GCC_WARN_64_TO_32_BIT_CONVERSION = YES;
				GCC_WARN_ABOUT_RETURN_TYPE = YES_ERROR;
				GCC_WARN_UNDECLARED_SELECTOR = YES;
				GCC_WARN_UNINITIALIZED_AUTOS = YES_AGGRESSIVE;
				GCC_WARN_UNUSED_FUNCTION = YES;
				GCC_WARN_UNUSED_VARIABLE = YES;
				IPHONEOS_DEPLOYMENT_TARGET = 11.3;
				MTL_ENABLE_DEBUG_INFO = YES;
				ONLY_ACTIVE_ARCH = YES;
				SDKROOT = iphoneos;
				SWIFT_ACTIVE_COMPILATION_CONDITIONS = DEBUG;
				SWIFT_OPTIMIZATION_LEVEL = "-Onone";
			};
			name = Debug;
		};
		1373A818207B439F00971249 /* Release */ = {
			isa = XCBuildConfiguration;
			buildSettings = {
				ALWAYS_SEARCH_USER_PATHS = NO;
				CLANG_ANALYZER_NONNULL = YES;
				CLANG_ANALYZER_NUMBER_OBJECT_CONVERSION = YES_AGGRESSIVE;
				CLANG_CXX_LANGUAGE_STANDARD = "gnu++14";
				CLANG_CXX_LIBRARY = "libc++";
				CLANG_ENABLE_MODULES = YES;
				CLANG_ENABLE_OBJC_ARC = YES;
				CLANG_ENABLE_OBJC_WEAK = YES;
				CLANG_WARN_BLOCK_CAPTURE_AUTORELEASING = YES;
				CLANG_WARN_BOOL_CONVERSION = YES;
				CLANG_WARN_COMMA = YES;
				CLANG_WARN_CONSTANT_CONVERSION = YES;
				CLANG_WARN_DEPRECATED_OBJC_IMPLEMENTATIONS = YES;
				CLANG_WARN_DIRECT_OBJC_ISA_USAGE = YES_ERROR;
				CLANG_WARN_DOCUMENTATION_COMMENTS = YES;
				CLANG_WARN_EMPTY_BODY = YES;
				CLANG_WARN_ENUM_CONVERSION = YES;
				CLANG_WARN_INFINITE_RECURSION = YES;
				CLANG_WARN_INT_CONVERSION = YES;
				CLANG_WARN_NON_LITERAL_NULL_CONVERSION = YES;
				CLANG_WARN_OBJC_IMPLICIT_RETAIN_SELF = YES;
				CLANG_WARN_OBJC_LITERAL_CONVERSION = YES;
				CLANG_WARN_OBJC_ROOT_CLASS = YES_ERROR;
				CLANG_WARN_RANGE_LOOP_ANALYSIS = YES;
				CLANG_WARN_STRICT_PROTOTYPES = YES;
				CLANG_WARN_SUSPICIOUS_MOVE = YES;
				CLANG_WARN_UNGUARDED_AVAILABILITY = YES_AGGRESSIVE;
				CLANG_WARN_UNREACHABLE_CODE = YES;
				CLANG_WARN__DUPLICATE_METHOD_MATCH = YES;
				CODE_SIGN_IDENTITY = "iPhone Developer";
				COPY_PHASE_STRIP = NO;
				DEBUG_INFORMATION_FORMAT = "dwarf-with-dsym";
				ENABLE_NS_ASSERTIONS = NO;
				ENABLE_STRICT_OBJC_MSGSEND = YES;
				GCC_C_LANGUAGE_STANDARD = gnu11;
				GCC_NO_COMMON_BLOCKS = YES;
				GCC_WARN_64_TO_32_BIT_CONVERSION = YES;
				GCC_WARN_ABOUT_RETURN_TYPE = YES_ERROR;
				GCC_WARN_UNDECLARED_SELECTOR = YES;
				GCC_WARN_UNINITIALIZED_AUTOS = YES_AGGRESSIVE;
				GCC_WARN_UNUSED_FUNCTION = YES;
				GCC_WARN_UNUSED_VARIABLE = YES;
				IPHONEOS_DEPLOYMENT_TARGET = 11.3;
				MTL_ENABLE_DEBUG_INFO = NO;
				SDKROOT = iphoneos;
				SWIFT_COMPILATION_MODE = wholemodule;
				SWIFT_OPTIMIZATION_LEVEL = "-O";
				VALIDATE_PRODUCT = YES;
			};
			name = Release;
		};
		1373A81A207B439F00971249 /* Debug */ = {
			isa = XCBuildConfiguration;
			buildSettings = {
				ASSETCATALOG_COMPILER_APPICON_NAME = AppIcon;
				CODE_SIGN_STYLE = Automatic;
				DEVELOPMENT_TEAM = NSM2LW22QQ;
				INFOPLIST_FILE = "blog删除TabbarController/Info.plist";
				LD_RUNPATH_SEARCH_PATHS = (
					"$(inherited)",
					"@executable_path/Frameworks",
				);
				PRODUCT_BUNDLE_IDENTIFIER = "BR-buren.blog--TabbarController";
				PRODUCT_NAME = "$(TARGET_NAME)";
				SWIFT_VERSION = 4.0;
				TARGETED_DEVICE_FAMILY = "1,2";
			};
			name = Debug;
		};
		1373A81B207B439F00971249 /* Release */ = {
			isa = XCBuildConfiguration;
			buildSettings = {
				ASSETCATALOG_COMPILER_APPICON_NAME = AppIcon;
				CODE_SIGN_STYLE = Automatic;
				DEVELOPMENT_TEAM = NSM2LW22QQ;
				INFOPLIST_FILE = "blog删除TabbarController/Info.plist";
				LD_RUNPATH_SEARCH_PATHS = (
					"$(inherited)",
					"@executable_path/Frameworks",
				);
				PRODUCT_BUNDLE_IDENTIFIER = "BR-buren.blog--TabbarController";
				PRODUCT_NAME = "$(TARGET_NAME)";
				SWIFT_VERSION = 4.0;
				TARGETED_DEVICE_FAMILY = "1,2";
			};
			name = Release;
		};
/* End XCBuildConfiguration section */

/* Begin XCConfigurationList section */
		1373A802207B439E00971249 /* Build configuration list for PBXProject "blog删除TabbarController" */ = {
			isa = XCConfigurationList;
			buildConfigurations = (
				1373A817207B439F00971249 /* Debug */,
				1373A818207B439F00971249 /* Release */,
			);
			defaultConfigurationIsVisible = 0;
			defaultConfigurationName = Release;
		};
		1373A819207B439F00971249 /* Build configuration list for PBXNativeTarget "blog删除TabbarController" */ = {
			isa = XCConfigurationList;
			buildConfigurations = (
				1373A81A207B439F00971249 /* Debug */,
				1373A81B207B439F00971249 /* Release */,
			);
			defaultConfigurationIsVisible = 0;
			defaultConfigurationName = Release;
		};
/* End XCConfigurationList section */
	};
	rootObject = 1373A7FF207B439E00971249 /* Project object */;
}
